
Microsoft Visual Studio Solution File, Format Version 12.00
# Visual Studio Version 17
VisualStudioVersion = 17.14.36301.6 d17.14
MinimumVisualStudioVersion = 10.0.40219.1
Project("{FAE04EC0-301F-11D3-BF4B-00C04F79EFBC}") = "GamesDiscounts", "GamesDiscounts.csproj", "{73D0AF20-B6CE-7802-B4FA-C004052A376A}"
EndProject
Global
	GlobalSection(SolutionConfigurationPlatforms) = preSolution
		Debug|Any CPU = Debug|Any CPU
		Release|Any CPU = Release|Any CPU
	EndGlobalSection
	GlobalSection(ProjectConfigurationPlatforms) = postSolution
		{73D0AF20-B6CE-7802-B4FA-C004052A376A}.Debug|Any CPU.ActiveCfg = Debug|Any CPU
		{73D0AF20-B6CE-7802-B4FA-C004052A376A}.Debug|Any CPU.Build.0 = Debug|Any CPU
		{73D0AF20-B6CE-7802-B4FA-C004052A376A}.Release|Any CPU.ActiveCfg = Release|Any CPU
		{73D0AF20-B6CE-7802-B4FA-C004052A376A}.Release|Any CPU.Build.0 = Release|Any CPU
	EndGlobalSection
	GlobalSection(SolutionProperties) = preSolution
		HideSolutionNode = FALSE
	EndGlobalSection
	GlobalSection(ExtensibilityGlobals) = postSolution
		SolutionGuid = {D85AEEB2-F030-4F27-86D8-A1B5A876F3A5}
	EndGlobalSection
EndGlobal
